
Microsoft Visual Studio Solution File, Format Version 12.00
# Visual Studio 2012
Project("{FAE04EC0-301F-11D3-BF4B-00C04F79EFBC}") = "Ali", "Ali\Ali.csproj", "{119AA18C-6F32-44E2-B358-2A8D2BB4CDCC}"
EndProject
Global
	GlobalSection(SolutionConfigurationPlatforms) = preSolution
		Debug|Any CPU = Debug|Any CPU
		Release|Any CPU = Release|Any CPU
	EndGlobalSection
	GlobalSection(ProjectConfigurationPlatforms) = postSolution
		{119AA18C-6F32-44E2-B358-2A8D2BB4CDCC}.Debug|Any CPU.ActiveCfg = Debug|Any CPU
		{119AA18C-6F32-44E2-B358-2A8D2BB4CDCC}.Debug|Any CPU.Build.0 = Debug|Any CPU
		{119AA18C-6F32-44E2-B358-2A8D2BB4CDCC}.Release|Any CPU.ActiveCfg = Release|Any CPU
		{119AA18C-6F32-44E2-B358-2A8D2BB4CDCC}.Release|Any CPU.Build.0 = Release|Any CPU
	EndGlobalSection
	GlobalSection(SolutionProperties) = preSolution
		HideSolutionNode = FALSE
	EndGlobalSection
EndGlobal
